
Microsoft Visual Studio Solution File, Format Version 12.00
# Visual Studio Version 17
VisualStudioVersion = 17.0.31903.59
MinimumVisualStudioVersion = 10.0.40219.1
Project("{2150E333-8FDC-42A3-9474-1A3956D46DE8}") = "src", "src", "{B7626816-30D8-4515-BA57-226CBE443F13}"
EndProject
Project("{FAE04EC0-301F-11D3-BF4B-00C04F79EFBC}") = "PersonalityEngine.Core", "src\PersonalityEngine.Core\PersonalityEngine.Core.csproj", "{D909CC62-6255-45CC-B03C-FE0D044E4850}"
EndProject
Project("{2150E333-8FDC-42A3-9474-1A3956D46DE8}") = "tests", "tests", "{54EEAB3C-AD07-4E81-9A7A-8A4B4AE41D07}"
EndProject
Project("{FAE04EC0-301F-11D3-BF4B-00C04F79EFBC}") = "PersonalityEngine.Tests", "tests\PersonalityEngine.Tests\PersonalityEngine.Tests.csproj", "{670EF314-0050-4380-A0EF-403E17217C5B}"
EndProject
Global
	GlobalSection(SolutionConfigurationPlatforms) = preSolution
		Debug|Any CPU = Debug|Any CPU
		Release|Any CPU = Release|Any CPU
	EndGlobalSection
	GlobalSection(SolutionProperties) = preSolution
		HideSolutionNode = FALSE
	EndGlobalSection
	GlobalSection(ProjectConfigurationPlatforms) = postSolution
		{D909CC62-6255-45CC-B03C-FE0D044E4850}.Debug|Any CPU.ActiveCfg = Debug|Any CPU
		{D909CC62-6255-45CC-B03C-FE0D044E4850}.Debug|Any CPU.Build.0 = Debug|Any CPU
		{D909CC62-6255-45CC-B03C-FE0D044E4850}.Release|Any CPU.ActiveCfg = Release|Any CPU
		{D909CC62-6255-45CC-B03C-FE0D044E4850}.Release|Any CPU.Build.0 = Release|Any CPU
		{670EF314-0050-4380-A0EF-403E17217C5B}.Debug|Any CPU.ActiveCfg = Debug|Any CPU
		{670EF314-0050-4380-A0EF-403E17217C5B}.Debug|Any CPU.Build.0 = Debug|Any CPU
		{670EF314-0050-4380-A0EF-403E17217C5B}.Release|Any CPU.ActiveCfg = Release|Any CPU
		{670EF314-0050-4380-A0EF-403E17217C5B}.Release|Any CPU.Build.0 = Release|Any CPU
	EndGlobalSection
	GlobalSection(NestedProjects) = preSolution
		{D909CC62-6255-45CC-B03C-FE0D044E4850} = {B7626816-30D8-4515-BA57-226CBE443F13}
		{670EF314-0050-4380-A0EF-403E17217C5B} = {54EEAB3C-AD07-4E81-9A7A-8A4B4AE41D07}
	EndGlobalSection
EndGlobal
